
Microsoft Visual Studio Solution File, Format Version 12.00
# Visual Studio Version 17
VisualStudioVersion = 17.4.33205.214
MinimumVisualStudioVersion = 10.0.40219.1
Project("{9A19103F-16F7-4668-BE54-9A1E7A4F7556}") = "UrlShortener.Core", "UrlShortener.Core\UrlShortener.Core.csproj", "{59DD3424-1D4C-438E-A4CA-6020D9703596}"
EndProject
Project("{9A19103F-16F7-4668-BE54-9A1E7A4F7556}") = "UrlShortener.Data", "UrlShortener.Data\UrlShortener.Data.csproj", "{218BA71A-8347-46B8-8C96-E78C9793DEFE}"
EndProject
Project("{9A19103F-16F7-4668-BE54-9A1E7A4F7556}") = "UrlShortener.Web", "UrlShortener.Web\UrlShortener.Web.csproj", "{91B1BCAD-1934-4ECB-AEAE-F6BE6505AA7C}"
EndProject
Project("{9A19103F-16F7-4668-BE54-9A1E7A4F7556}") = "UrlShortener.Services", "UrlShortener.Services\UrlShortener.Services.csproj", "{1287D677-3CCD-4351-8D5B-25E5D77E6807}"
EndProject
Project("{FAE04EC0-301F-11D3-BF4B-00C04F79EFBC}") = "UrlShortener.Tests", "UrlShortener.Tests\UrlShortener.Tests.csproj", "{707BBDAF-335F-49D9-B89A-0CF1B26FAFB2}"
EndProject
Global
	GlobalSection(SolutionConfigurationPlatforms) = preSolution
		Debug|Any CPU = Debug|Any CPU
		Release|Any CPU = Release|Any CPU
	EndGlobalSection
	GlobalSection(ProjectConfigurationPlatforms) = postSolution
		{59DD3424-1D4C-438E-A4CA-6020D9703596}.Debug|Any CPU.ActiveCfg = Debug|Any CPU
		{59DD3424-1D4C-438E-A4CA-6020D9703596}.Debug|Any CPU.Build.0 = Debug|Any CPU
		{59DD3424-1D4C-438E-A4CA-6020D9703596}.Release|Any CPU.ActiveCfg = Release|Any CPU
		{59DD3424-1D4C-438E-A4CA-6020D9703596}.Release|Any CPU.Build.0 = Release|Any CPU
		{218BA71A-8347-46B8-8C96-E78C9793DEFE}.Debug|Any CPU.ActiveCfg = Debug|Any CPU
		{218BA71A-8347-46B8-8C96-E78C9793DEFE}.Debug|Any CPU.Build.0 = Debug|Any CPU
		{218BA71A-8347-46B8-8C96-E78C9793DEFE}.Release|Any CPU.ActiveCfg = Release|Any CPU
		{218BA71A-8347-46B8-8C96-E78C9793DEFE}.Release|Any CPU.Build.0 = Release|Any CPU
		{91B1BCAD-1934-4ECB-AEAE-F6BE6505AA7C}.Debug|Any CPU.ActiveCfg = Debug|Any CPU
		{91B1BCAD-1934-4ECB-AEAE-F6BE6505AA7C}.Debug|Any CPU.Build.0 = Debug|Any CPU
		{91B1BCAD-1934-4ECB-AEAE-F6BE6505AA7C}.Release|Any CPU.ActiveCfg = Release|Any CPU
		{91B1BCAD-1934-4ECB-AEAE-F6BE6505AA7C}.Release|Any CPU.Build.0 = Release|Any CPU
		{1287D677-3CCD-4351-8D5B-25E5D77E6807}.Debug|Any CPU.ActiveCfg = Debug|Any CPU
		{1287D677-3CCD-4351-8D5B-25E5D77E6807}.Debug|Any CPU.Build.0 = Debug|Any CPU
		{1287D677-3CCD-4351-8D5B-25E5D77E6807}.Release|Any CPU.ActiveCfg = Release|Any CPU
		{1287D677-3CCD-4351-8D5B-25E5D77E6807}.Release|Any CPU.Build.0 = Release|Any CPU
		{707BBDAF-335F-49D9-B89A-0CF1B26FAFB2}.Debug|Any CPU.ActiveCfg = Debug|Any CPU
		{707BBDAF-335F-49D9-B89A-0CF1B26FAFB2}.Debug|Any CPU.Build.0 = Debug|Any CPU
		{707BBDAF-335F-49D9-B89A-0CF1B26FAFB2}.Release|Any CPU.ActiveCfg = Release|Any CPU
		{707BBDAF-335F-49D9-B89A-0CF1B26FAFB2}.Release|Any CPU.Build.0 = Release|Any CPU
	EndGlobalSection
	GlobalSection(SolutionProperties) = preSolution
		HideSolutionNode = FALSE
	EndGlobalSection
	GlobalSection(ExtensibilityGlobals) = postSolution
		SolutionGuid = {D51383B2-5071-4186-BE3E-B7708FF46EC5}
	EndGlobalSection
EndGlobal
